<?xml version="1.0" encoding="utf-8"?>
<Project ToolsVersion="4.0" xmlns="http://schemas.microsoft.com/developer/msbuild/2003">
  <ItemGroup>
    <Filter Include="99.Headers">
      <UniqueIdentifier>{ddcfd005-4334-4b3f-b0a8-659ecb1cc888}</UniqueIdentifier>
    </Filter>
    <Filter Include="01.Main">
      <UniqueIdentifier>{5263da05-3213-4fd3-beb4-59f6f14bd47f}</UniqueIdentifier>
    </Filter>
    <Filter Include="98.Proto">
      <UniqueIdentifier>{9de3232f-44df-4394-a739-c25706d2631a}</UniqueIdentifier>
    </Filter>
    <Filter Include="02.Network">
      <UniqueIdentifier>{d77fb265-e00b-44df-8b9f-00f47b707984}</UniqueIdentifier>
    </Filter>
    <Filter Include="03.Manager">
      <UniqueIdentifier>{e18d5f1e-d4f8-43f3-9769-82dd8706c4f4}</UniqueIdentifier>
    </Filter>
  </ItemGroup>
  <ItemGroup>
    <ClCompile Include="GameServer.cpp">
      <Filter>01.Main</Filter>
    </ClCompile>
    <ClCompile Include="pch.cpp">
      <Filter>99.Headers</Filter>
    </ClCompile>
    <ClCompile Include="ClientPacketHandler.cpp">
      <Filter>02.Network</Filter>
    </ClCompile>
    <ClCompile Include="GameSession.cpp">
      <Filter>02.Network</Filter>
    </ClCompile>
    <ClCompile Include="SessionManager.cpp">
      <Filter>02.Network</Filter>
    </ClCompile>
    <ClCompile Include="Enum.pb.cc">
      <Filter>98.Proto</Filter>
    </ClCompile>
    <ClCompile Include="Protocol.pb.cc">
      <Filter>98.Proto</Filter>
    </ClCompile>
    <ClCompile Include="Struct.pb.cc">
      <Filter>98.Proto</Filter>
    </ClCompile>
  </ItemGroup>
  <ItemGroup>
    <ClInclude Include="pch.h">
      <Filter>99.Headers</Filter>
    </ClInclude>
    <ClInclude Include="ClientPacketHandler.h">
      <Filter>02.Network</Filter>
    </ClInclude>
    <ClInclude Include="GameSession.h">
      <Filter>02.Network</Filter>
    </ClInclude>
    <ClInclude Include="Types.h">
      <Filter>99.Headers</Filter>
    </ClInclude>
    <ClInclude Include="SessionManager.h">
      <Filter>02.Network</Filter>
    </ClInclude>
    <ClInclude Include="Enum.pb.h">
      <Filter>98.Proto</Filter>
    </ClInclude>
    <ClInclude Include="Protocol.pb.h">
      <Filter>98.Proto</Filter>
    </ClInclude>
    <ClInclude Include="Struct.pb.h">
      <Filter>98.Proto</Filter>
    </ClInclude>
  </ItemGroup>
  <ItemGroup>
    <None Include="..\Common\Protobuf\bin\Enum.proto">
      <Filter>98.Proto</Filter>
    </None>
    <None Include="..\Common\Protobuf\bin\GenPackets.bat">
      <Filter>98.Proto</Filter>
    </None>
    <None Include="..\Common\Protobuf\bin\Protocol.proto">
      <Filter>98.Proto</Filter>
    </None>
    <None Include="..\Common\Protobuf\bin\Struct.proto">
      <Filter>98.Proto</Filter>
    </None>
  </ItemGroup>
</Project>